// !$*UTF8*$!
{
	archiveVersion = 1;
	classes = {
	};
	objectVersion = 50;
	objects = {

/* Begin PBXBuildFile section */
		CEAE267C218693C000A44B3B /* AppDelegate.swift in Sources */ = {isa = PBXBuildFile; fileRef = CEAE267B218693C000A44B3B /* AppDelegate.swift */; };
		CEAE267E218693C100A44B3B /* ViewController.swift in Sources */ = {isa = PBXBuildFile; fileRef = CEAE267D218693C100A44B3B /* ViewController.swift */; };
		CEAE2681218693C100A44B3B /* Main.storyboard in Resources */ = {isa = PBXBuildFile; fileRef = CEAE267F218693C100A44B3B /* Main.storyboard */; };
		CEAE2683218693C300A44B3B /* Assets.xcassets in Resources */ = {isa = PBXBuildFile; fileRef = CEAE2682218693C300A44B3B /* Assets.xcassets */; };
		CEAE2686218693C300A44B3B /* LaunchScreen.storyboard in Resources */ = {isa = PBXBuildFile; fileRef = CEAE2684218693C300A44B3B /* LaunchScreen.storyboard */; };
		CEAE268E2186948F00A44B3B /* NewsListTableTableViewController.swift in Sources */ = {isa = PBXBuildFile; fileRef = CEAE268D2186948F00A44B3B /* NewsListTableTableViewController.swift */; };
		CEAE26902186953800A44B3B /* MyXMLParser.swift in Sources */ = {isa = PBXBuildFile; fileRef = CEAE268F2186953800A44B3B /* MyXMLParser.swift */; };
		CEAE26922186955900A44B3B /* Item.swift in Sources */ = {isa = PBXBuildFile; fileRef = CEAE26912186955900A44B3B /* Item.swift */; };
/* End PBXBuildFile section */

/* Begin PBXFileReference section */
		CEAE2678218693C000A44B3B /* GoogleNewsSearch.app */ = {isa = PBXFileReference; explicitFileType = wrapper.application; includeInIndex = 0; path = GoogleNewsSearch.app; sourceTree = BUILT_PRODUCTS_DIR; };
		CEAE267B218693C000A44B3B /* AppDelegate.swift */ = {isa = PBXFileReference; lastKnownFileType = sourcecode.swift; path = AppDelegate.swift; sourceTree = "<group>"; };
		CEAE267D218693C100A44B3B /* ViewController.swift */ = {isa = PBXFileReference; lastKnownFileType = sourcecode.swift; path = ViewController.swift; sourceTree = "<group>"; };
		CEAE2680218693C100A44B3B /* Base */ = {isa = PBXFileReference; lastKnownFileType = file.storyboard; name = Base; path = Base.lproj/Main.storyboard; sourceTree = "<group>"; };
		CEAE2682218693C300A44B3B /* Assets.xcassets */ = {isa = PBXFileReference; lastKnownFileType = folder.assetcatalog; path = Assets.xcassets; sourceTree = "<group>"; };
		CEAE2685218693C300A44B3B /* Base */ = {isa = PBXFileReference; lastKnownFileType = file.storyboard; name = Base; path = Base.lproj/LaunchScreen.storyboard; sourceTree = "<group>"; };
		CEAE2687218693C300A44B3B /* Info.plist */ = {isa = PBXFileReference; lastKnownFileType = text.plist.xml; path = Info.plist; sourceTree = "<group>"; };
		CEAE268D2186948F00A44B3B /* NewsListTableTableViewController.swift */ = {isa = PBXFileReference; lastKnownFileType = sourcecode.swift; path = NewsListTableTableViewController.swift; sourceTree = "<group>"; };
		CEAE268F2186953800A44B3B /* MyXMLParser.swift */ = {isa = PBXFileReference; lastKnownFileType = sourcecode.swift; path = MyXMLParser.swift; sourceTree = "<group>"; };
		CEAE26912186955900A44B3B /* Item.swift */ = {isa = PBXFileReference; lastKnownFileType = sourcecode.swift; path = Item.swift; sourceTree = "<group>"; };
/* End PBXFileReference section */

/* Begin PBXFrameworksBuildPhase section */
		CEAE2675218693C000A44B3B /* Frameworks */ = {
			isa = PBXFrameworksBuildPhase;
			buildActionMask = 2147483647;
			files = (
			);
			runOnlyForDeploymentPostprocessing = 0;
		};
/* End PBXFrameworksBuildPhase section */

/* Begin PBXGroup section */
		CEAE266F218693C000A44B3B = {
			isa = PBXGroup;
			children = (
				CEAE267A218693C000A44B3B /* GoogleNewsSearch */,
				CEAE2679218693C000A44B3B /* Products */,
			);
			sourceTree = "<group>";
		};
		CEAE2679218693C000A44B3B /* Products */ = {
			isa = PBXGroup;
			children = (
				CEAE2678218693C000A44B3B /* GoogleNewsSearch.app */,
			);
			name = Products;
			sourceTree = "<group>";
		};
		CEAE267A218693C000A44B3B /* GoogleNewsSearch */ = {
			isa = PBXGroup;
			children = (
				CEAE267B218693C000A44B3B /* AppDelegate.swift */,
				CEAE267D218693C100A44B3B /* ViewController.swift */,
				CEAE268F2186953800A44B3B /* MyXMLParser.swift */,
				CEAE26912186955900A44B3B /* Item.swift */,
				CEAE267F218693C100A44B3B /* Main.storyboard */,
				CEAE268D2186948F00A44B3B /* NewsListTableTableViewController.swift */,
				CEAE2682218693C300A44B3B /* Assets.xcassets */,
				CEAE2684218693C300A44B3B /* LaunchScreen.storyboard */,
				CEAE2687218693C300A44B3B /* Info.plist */,
			);
			path = GoogleNewsSearch;
			sourceTree = "<group>";
		};
/* End PBXGroup section */

/* Begin PBXNativeTarget section */
		CEAE2677218693C000A44B3B /* GoogleNewsSearch */ = {
			isa = PBXNativeTarget;
			buildConfigurationList = CEAE268A218693C300A44B3B /* Build configuration list for PBXNativeTarget "GoogleNewsSearch" */;
			buildPhases = (
				CEAE2674218693C000A44B3B /* Sources */,
				CEAE2675218693C000A44B3B /* Frameworks */,
				CEAE2676218693C000A44B3B /* Resources */,
			);
			buildRules = (
			);
			dependencies = (
			);
			name = GoogleNewsSearch;
			productName = GoogleNewsSearch;
			productReference = CEAE2678218693C000A44B3B /* GoogleNewsSearch.app */;
			productType = "com.apple.product-type.application";
		};
/* End PBXNativeTarget section */

/* Begin PBXProject section */
		CEAE2670218693C000A44B3B /* Project object */ = {
			isa = PBXProject;
			attributes = {
				LastSwiftUpdateCheck = 0940;
				LastUpgradeCheck = 0940;
				ORGANIZATIONNAME = user;
				TargetAttributes = {
					CEAE2677218693C000A44B3B = {
						CreatedOnToolsVersion = 9.4.1;
					};
				};
			};
			buildConfigurationList = CEAE2673218693C000A44B3B /* Build configuration list for PBXProject "GoogleNewsSearch" */;
			compatibilityVersion = "Xcode 9.3";
			developmentRegion = en;
			hasScannedForEncodings = 0;
			knownRegions = (
				en,
				Base,
			);
			mainGroup = CEAE266F218693C000A44B3B;
			productRefGroup = CEAE2679218693C000A44B3B /* Products */;
			projectDirPath = "";
			projectRoot = "";
			targets = (
				CEAE2677218693C000A44B3B /* GoogleNewsSearch */,
			);
		};
/* End PBXProject section */

/* Begin PBXResourcesBuildPhase section */
		CEAE2676218693C000A44B3B /* Resources */ = {
			isa = PBXResourcesBuildPhase;
			buildActionMask = 2147483647;
			files = (
				CEAE2686218693C300A44B3B /* LaunchScreen.storyboard in Resources */,
				CEAE2683218693C300A44B3B /* Assets.xcassets in Resources */,
				CEAE2681218693C100A44B3B /* Main.storyboard in Resources */,
			);
			runOnlyForDeploymentPostprocessing = 0;
		};
/* End PBXResourcesBuildPhase section */

/* Begin PBXSourcesBuildPhase section */
		CEAE2674218693C000A44B3B /* Sources */ = {
			isa = PBXSourcesBuildPhase;
			buildActionMask = 2147483647;
			files = (
				CEAE26922186955900A44B3B /* Item.swift in Sources */,
				CEAE26902186953800A44B3B /* MyXMLParser.swift in Sources */,
				CEAE268E2186948F00A44B3B /* NewsListTableTableViewController.swift in Sources */,
				CEAE267E218693C100A44B3B /* ViewController.swift in Sources */,
				CEAE267C218693C000A44B3B /* AppDelegate.swift in Sources */,
			);
			runOnlyForDeploymentPostprocessing = 0;
		};
/* End PBXSourcesBuildPhase section */

/* Begin PBXVariantGroup section */
		CEAE267F218693C100A44B3B /* Main.storyboard */ = {
			isa = PBXVariantGroup;
			children = (
				CEAE2680218693C100A44B3B /* Base */,
			);
			name = Main.storyboard;
			sourceTree = "<group>";
		};
		CEAE2684218693C300A44B3B /* LaunchScreen.storyboard */ = {
			isa = PBXVariantGroup;
			children = (
				CEAE2685218693C300A44B3B /* Base */,
			);
			name = LaunchScreen.storyboard;
			sourceTree = "<group>";
		};
/* End PBXVariantGroup section */

/* Begin XCBuildConfiguration section */
		CEAE2688218693C300A44B3B /* Debug */ = {
			isa = XCBuildConfiguration;
			buildSettings = {
				ALWAYS_SEARCH_USER_PATHS = NO;
				CLANG_ANALYZER_NONNULL = YES;
				CLANG_ANALYZER_NUMBER_OBJECT_CONVERSION = YES_AGGRESSIVE;
				CLANG_CXX_LANGUAGE_STANDARD = "gnu++14";
				CLANG_CXX_LIBRARY = "libc++";
				CLANG_ENABLE_MODULES = YES;
				CLANG_ENABLE_OBJC_ARC = YES;
				CLANG_ENABLE_OBJC_WEAK = YES;
				CLANG_WARN_BLOCK_CAPTURE_AUTORELEASING = YES;
				CLANG_WARN_BOOL_CONVERSION = YES;
				CLANG_WARN_COMMA = YES;
				CLANG_WARN_CONSTANT_CONVERSION = YES;
				CLANG_WARN_DEPRECATED_OBJC_IMPLEMENTATIONS = YES;
				CLANG_WARN_DIRECT_OBJC_ISA_USAGE = YES_ERROR;
				CLANG_WARN_DOCUMENTATION_COMMENTS = YES;
				CLANG_WARN_EMPTY_BODY = YES;
				CLANG_WARN_ENUM_CONVERSION = YES;
				CLANG_WARN_INFINITE_RECURSION = YES;
				CLANG_WARN_INT_CONVERSION = YES;
				CLANG_WARN_NON_LITERAL_NULL_CONVERSION = YES;
				CLANG_WARN_OBJC_IMPLICIT_RETAIN_SELF = YES;
				CLANG_WARN_OBJC_LITERAL_CONVERSION = YES;
				CLANG_WARN_OBJC_ROOT_CLASS = YES_ERROR;
				CLANG_WARN_RANGE_LOOP_ANALYSIS = YES;
				CLANG_WARN_STRICT_PROTOTYPES = YES;
				CLANG_WARN_SUSPICIOUS_MOVE = YES;
				CLANG_WARN_UNGUARDED_AVAILABILITY = YES_AGGRESSIVE;
				CLANG_WARN_UNREACHABLE_CODE = YES;
				CLANG_WARN__DUPLICATE_METHOD_MATCH = YES;
				CODE_SIGN_IDENTITY = "iPhone Developer";
				COPY_PHASE_STRIP = NO;
				DEBUG_INFORMATION_FORMAT = dwarf;
				ENABLE_STRICT_OBJC_MSGSEND = YES;
				ENABLE_TESTABILITY = YES;
				GCC_C_LANGUAGE_STANDARD = gnu11;
				GCC_DYNAMIC_NO_PIC = NO;
				GCC_NO_COMMON_BLOCKS = YES;
				GCC_OPTIMIZATION_LEVEL = 0;
				GCC_PREPROCESSOR_DEFINITIONS = (
					"DEBUG=1",
					"$(inherited)",
				);
				GCC_WARN_64_TO_32_BIT_CONVERSION = YES;
				GCC_WARN_ABOUT_RETURN_TYPE = YES_ERROR;
				GCC_WARN_UNDECLARED_SELECTOR = YES;
				GCC_WARN_UNINITIALIZED_AUTOS = YES_AGGRESSIVE;
				GCC_WARN_UNUSED_FUNCTION = YES;
				GCC_WARN_UNUSED_VARIABLE = YES;
				IPHONEOS_DEPLOYMENT_TARGET = 11.4;
				MTL_ENABLE_DEBUG_INFO = YES;
				ONLY_ACTIVE_ARCH = YES;
				SDKROOT = iphoneos;
				SWIFT_ACTIVE_COMPILATION_CONDITIONS = DEBUG;
				SWIFT_OPTIMIZATION_LEVEL = "-Onone";
			};
			name = Debug;
		};
		CEAE2689218693C300A44B3B /* Release */ = {
			isa = XCBuildConfiguration;
			buildSettings = {
				ALWAYS_SEARCH_USER_PATHS = NO;
				CLANG_ANALYZER_NONNULL = YES;
				CLANG_ANALYZER_NUMBER_OBJECT_CONVERSION = YES_AGGRESSIVE;
				CLANG_CXX_LANGUAGE_STANDARD = "gnu++14";
				CLANG_CXX_LIBRARY = "libc++";
				CLANG_ENABLE_MODULES = YES;
				CLANG_ENABLE_OBJC_ARC = YES;
				CLANG_ENABLE_OBJC_WEAK = YES;
				CLANG_WARN_BLOCK_CAPTURE_AUTORELEASING = YES;
				CLANG_WARN_BOOL_CONVERSION = YES;
				CLANG_WARN_COMMA = YES;
				CLANG_WARN_CONSTANT_CONVERSION = YES;
				CLANG_WARN_DEPRECATED_OBJC_IMPLEMENTATIONS = YES;
				CLANG_WARN_DIRECT_OBJC_ISA_USAGE = YES_ERROR;
				CLANG_WARN_DOCUMENTATION_COMMENTS = YES;
				CLANG_WARN_EMPTY_BODY = YES;
				CLANG_WARN_ENUM_CONVERSION = YES;
				CLANG_WARN_INFINITE_RECURSION = YES;
				CLANG_WARN_INT_CONVERSION = YES;
				CLANG_WARN_NON_LITERAL_NULL_CONVERSION = YES;
				CLANG_WARN_OBJC_IMPLICIT_RETAIN_SELF = YES;
				CLANG_WARN_OBJC_LITERAL_CONVERSION = YES;
				CLANG_WARN_OBJC_ROOT_CLASS = YES_ERROR;
				CLANG_WARN_RANGE_LOOP_ANALYSIS = YES;
				CLANG_WARN_STRICT_PROTOTYPES = YES;
				CLANG_WARN_SUSPICIOUS_MOVE = YES;
				CLANG_WARN_UNGUARDED_AVAILABILITY = YES_AGGRESSIVE;
				CLANG_WARN_UNREACHABLE_CODE = YES;
				CLANG_WARN__DUPLICATE_METHOD_MATCH = YES;
				CODE_SIGN_IDENTITY = "iPhone Developer";
				COPY_PHASE_STRIP = NO;
				DEBUG_INFORMATION_FORMAT = "dwarf-with-dsym";
				ENABLE_NS_ASSERTIONS = NO;
				ENABLE_STRICT_OBJC_MSGSEND = YES;
				GCC_C_LANGUAGE_STANDARD = gnu11;
				GCC_NO_COMMON_BLOCKS = YES;
				GCC_WARN_64_TO_32_BIT_CONVERSION = YES;
				GCC_WARN_ABOUT_RETURN_TYPE = YES_ERROR;
				GCC_WARN_UNDECLARED_SELECTOR = YES;
				GCC_WARN_UNINITIALIZED_AUTOS = YES_AGGRESSIVE;
				GCC_WARN_UNUSED_FUNCTION = YES;
				GCC_WARN_UNUSED_VARIABLE = YES;
				IPHONEOS_DEPLOYMENT_TARGET = 11.4;
				MTL_ENABLE_DEBUG_INFO = NO;
				SDKROOT = iphoneos;
				SWIFT_COMPILATION_MODE = wholemodule;
				SWIFT_OPTIMIZATION_LEVEL = "-O";
				VALIDATE_PRODUCT = YES;
			};
			name = Release;
		};
		CEAE268B218693C300A44B3B /* Debug */ = {
			isa = XCBuildConfiguration;
			buildSettings = {
				ASSETCATALOG_COMPILER_APPICON_NAME = AppIcon;
				CODE_SIGN_STYLE = Automatic;
				INFOPLIST_FILE = GoogleNewsSearch/Info.plist;
				LD_RUNPATH_SEARCH_PATHS = (
					"$(inherited)",
					"@executable_path/Frameworks",
				);
				PRODUCT_BUNDLE_IDENTIFIER = edu.self.GoogleNewsSearch;
				PRODUCT_NAME = "$(TARGET_NAME)";
				SWIFT_VERSION = 4.0;
				TARGETED_DEVICE_FAMILY = "1,2";
			};
			name = Debug;
		};
		CEAE268C218693C300A44B3B /* Release */ = {
			isa = XCBuildConfiguration;
			buildSettings = {
				ASSETCATALOG_COMPILER_APPICON_NAME = AppIcon;
				CODE_SIGN_STYLE = Automatic;
				INFOPLIST_FILE = GoogleNewsSearch/Info.plist;
				LD_RUNPATH_SEARCH_PATHS = (
					"$(inherited)",
					"@executable_path/Frameworks",
				);
				PRODUCT_BUNDLE_IDENTIFIER = edu.self.GoogleNewsSearch;
				PRODUCT_NAME = "$(TARGET_NAME)";
				SWIFT_VERSION = 4.0;
				TARGETED_DEVICE_FAMILY = "1,2";
			};
			name = Release;
		};
/* End XCBuildConfiguration section */

/* Begin XCConfigurationList section */
		CEAE2673218693C000A44B3B /* Build configuration list for PBXProject "GoogleNewsSearch" */ = {
			isa = XCConfigurationList;
			buildConfigurations = (
				CEAE2688218693C300A44B3B /* Debug */,
				CEAE2689218693C300A44B3B /* Release */,
			);
			defaultConfigurationIsVisible = 0;
			defaultConfigurationName = Release;
		};
		CEAE268A218693C300A44B3B /* Build configuration list for PBXNativeTarget "GoogleNewsSearch" */ = {
			isa = XCConfigurationList;
			buildConfigurations = (
				CEAE268B218693C300A44B3B /* Debug */,
				CEAE268C218693C300A44B3B /* Release */,
			);
			defaultConfigurationIsVisible = 0;
			defaultConfigurationName = Release;
		};
/* End XCConfigurationList section */
	};
	rootObject = CEAE2670218693C000A44B3B /* Project object */;
}
